
Microsoft Visual Studio Solution File, Format Version 12.00
# Visual Studio 15
VisualStudioVersion = 15.0.28010.2003
MinimumVisualStudioVersion = 10.0.40219.1
Project("{FAE04EC0-301F-11D3-BF4B-00C04F79EFBC}") = "Micro.ORM.Infrastructure", "Micro.ORM.Infrastructure\Micro.ORM.Infrastructure.csproj", "{9F5F7730-6C2B-4407-A386-0C5FDC5A3A72}"
EndProject
Project("{FAE04EC0-301F-11D3-BF4B-00C04F79EFBC}") = "ORM.Tests", "ORM.Tests\ORM.Tests.csproj", "{8C6BC320-9317-48C4-9A88-0BD570B6E718}"
EndProject
Project("{FAE04EC0-301F-11D3-BF4B-00C04F79EFBC}") = "EF.Infrastructure", "EF.Infrastructure\EF.Infrastructure.csproj", "{CE33B7BA-1ABE-4EEC-9796-66145802AEC6}"
EndProject
Global
	GlobalSection(SolutionConfigurationPlatforms) = preSolution
		Debug|Any CPU = Debug|Any CPU
		Release|Any CPU = Release|Any CPU
	EndGlobalSection
	GlobalSection(ProjectConfigurationPlatforms) = postSolution
		{9F5F7730-6C2B-4407-A386-0C5FDC5A3A72}.Debug|Any CPU.ActiveCfg = Debug|Any CPU
		{9F5F7730-6C2B-4407-A386-0C5FDC5A3A72}.Debug|Any CPU.Build.0 = Debug|Any CPU
		{9F5F7730-6C2B-4407-A386-0C5FDC5A3A72}.Release|Any CPU.ActiveCfg = Release|Any CPU
		{9F5F7730-6C2B-4407-A386-0C5FDC5A3A72}.Release|Any CPU.Build.0 = Release|Any CPU
		{8C6BC320-9317-48C4-9A88-0BD570B6E718}.Debug|Any CPU.ActiveCfg = Debug|Any CPU
		{8C6BC320-9317-48C4-9A88-0BD570B6E718}.Debug|Any CPU.Build.0 = Debug|Any CPU
		{8C6BC320-9317-48C4-9A88-0BD570B6E718}.Release|Any CPU.ActiveCfg = Release|Any CPU
		{8C6BC320-9317-48C4-9A88-0BD570B6E718}.Release|Any CPU.Build.0 = Release|Any CPU
		{CE33B7BA-1ABE-4EEC-9796-66145802AEC6}.Debug|Any CPU.ActiveCfg = Debug|Any CPU
		{CE33B7BA-1ABE-4EEC-9796-66145802AEC6}.Debug|Any CPU.Build.0 = Debug|Any CPU
		{CE33B7BA-1ABE-4EEC-9796-66145802AEC6}.Release|Any CPU.ActiveCfg = Release|Any CPU
		{CE33B7BA-1ABE-4EEC-9796-66145802AEC6}.Release|Any CPU.Build.0 = Release|Any CPU
	EndGlobalSection
	GlobalSection(SolutionProperties) = preSolution
		HideSolutionNode = FALSE
	EndGlobalSection
	GlobalSection(ExtensibilityGlobals) = postSolution
		SolutionGuid = {E9194F2A-551C-4813-9073-1542E80F55E4}
	EndGlobalSection
EndGlobal
